PODS:
  - FMDB_DYLB (0.1.0):
    - FMDB_DYLB/zip (= 0.1.0)
  - FMDB_DYLB/zip (0.1.0)

DEPENDENCIES:
  - FMDB_DYLB (from `../`)

EXTERNAL SOURCES:
  FMDB_DYLB:
    :path: "../"

SPEC CHECKSUMS:
  FMDB_DYLB: 859f270ec56a8dc19130c53c5fea8f67dbbcc364

PODFILE CHECKSUM: 667b7b6d94b69cba51f2c98a1cd463a28c65264e

COCOAPODS: 1.9.1
